
Microsoft Visual Studio Solution File, Format Version 12.00
# Visual Studio Version 17
VisualStudioVersion = 17.2.32630.192
MinimumVisualStudioVersion = 10.0.40219.1
Project("{FAE04EC0-301F-11D3-BF4B-00C04F79EFBC}") = "Interactive Fiction - First Playable", "Interactive Fiction - First Playable\Interactive Fiction - First Playable.csproj", "{B5284B2B-DC4B-43E1-A496-913B523F8593}"
EndProject
Global
	GlobalSection(SolutionConfigurationPlatforms) = preSolution
		Debug|Any CPU = Debug|Any CPU
		Release|Any CPU = Release|Any CPU
	EndGlobalSection
	GlobalSection(ProjectConfigurationPlatforms) = postSolution
		{B5284B2B-DC4B-43E1-A496-913B523F8593}.Debug|Any CPU.ActiveCfg = Debug|Any CPU
		{B5284B2B-DC4B-43E1-A496-913B523F8593}.Debug|Any CPU.Build.0 = Debug|Any CPU
		{B5284B2B-DC4B-43E1-A496-913B523F8593}.Release|Any CPU.ActiveCfg = Release|Any CPU
		{B5284B2B-DC4B-43E1-A496-913B523F8593}.Release|Any CPU.Build.0 = Release|Any CPU
	EndGlobalSection
	GlobalSection(SolutionProperties) = preSolution
		HideSolutionNode = FALSE
	EndGlobalSection
	GlobalSection(ExtensibilityGlobals) = postSolution
		SolutionGuid = {5F9B38DD-24B5-4AF1-9824-706B9F570DBC}
	EndGlobalSection
EndGlobal
